
Microsoft Visual Studio Solution File, Format Version 12.00
# Visual Studio Version 17
VisualStudioVersion = 17.9.34622.214
MinimumVisualStudioVersion = 10.0.40219.1
Project("{FAE04EC0-301F-11D3-BF4B-00C04F79EFBC}") = "SAM.API", "SAM.API\SAM.API.csproj", "{F4E8A3E2-1308-4232-B4FF-CA3084A9532B}"
EndProject
Project("{FAE04EC0-301F-11D3-BF4B-00C04F79EFBC}") = "SAM.DataTier", "SAM.DataTier\SAM.DataTier.csproj", "{29C12741-5F28-48E2-9455-47DFDA4ABE6C}"
EndProject
Project("{FAE04EC0-301F-11D3-BF4B-00C04F79EFBC}") = "SAM.BusinessTier", "SAM.BusinessTier\SAM.BusinessTier.csproj", "{9E4A2F86-DE33-4B5D-89BD-1649FA97A739}"
EndProject
Global
	GlobalSection(SolutionConfigurationPlatforms) = preSolution
		Debug|Any CPU = Debug|Any CPU
		Release|Any CPU = Release|Any CPU
	EndGlobalSection
	GlobalSection(ProjectConfigurationPlatforms) = postSolution
		{F4E8A3E2-1308-4232-B4FF-CA3084A9532B}.Debug|Any CPU.ActiveCfg = Debug|Any CPU
		{F4E8A3E2-1308-4232-B4FF-CA3084A9532B}.Debug|Any CPU.Build.0 = Debug|Any CPU
		{F4E8A3E2-1308-4232-B4FF-CA3084A9532B}.Release|Any CPU.ActiveCfg = Release|Any CPU
		{F4E8A3E2-1308-4232-B4FF-CA3084A9532B}.Release|Any CPU.Build.0 = Release|Any CPU
		{29C12741-5F28-48E2-9455-47DFDA4ABE6C}.Debug|Any CPU.ActiveCfg = Debug|Any CPU
		{29C12741-5F28-48E2-9455-47DFDA4ABE6C}.Debug|Any CPU.Build.0 = Debug|Any CPU
		{29C12741-5F28-48E2-9455-47DFDA4ABE6C}.Release|Any CPU.ActiveCfg = Release|Any CPU
		{29C12741-5F28-48E2-9455-47DFDA4ABE6C}.Release|Any CPU.Build.0 = Release|Any CPU
		{9E4A2F86-DE33-4B5D-89BD-1649FA97A739}.Debug|Any CPU.ActiveCfg = Debug|Any CPU
		{9E4A2F86-DE33-4B5D-89BD-1649FA97A739}.Debug|Any CPU.Build.0 = Debug|Any CPU
		{9E4A2F86-DE33-4B5D-89BD-1649FA97A739}.Release|Any CPU.ActiveCfg = Release|Any CPU
		{9E4A2F86-DE33-4B5D-89BD-1649FA97A739}.Release|Any CPU.Build.0 = Release|Any CPU
	EndGlobalSection
	GlobalSection(SolutionProperties) = preSolution
		HideSolutionNode = FALSE
	EndGlobalSection
	GlobalSection(ExtensibilityGlobals) = postSolution
		SolutionGuid = {7EAEF9B4-1AF9-4188-BED0-06CD8CD9544D}
	EndGlobalSection
EndGlobal
